
Microsoft Visual Studio Solution File, Format Version 12.00
# Visual Studio 14
VisualStudioVersion = 14.0.25420.1
MinimumVisualStudioVersion = 10.0.40219.1
Project("{FAE04EC0-301F-11D3-BF4B-00C04F79EFBC}") = "WindowsServiceDemo", "WindowsServiceDemo\WindowsServiceDemo.csproj", "{714C2B26-B120-41A2-B408-FFC9C948590F}"
EndProject
Global
	GlobalSection(SolutionConfigurationPlatforms) = preSolution
		Debug|Any CPU = Debug|Any CPU
		Release|Any CPU = Release|Any CPU
	EndGlobalSection
	GlobalSection(ProjectConfigurationPlatforms) = postSolution
		{714C2B26-B120-41A2-B408-FFC9C948590F}.Debug|Any CPU.ActiveCfg = Debug|Any CPU
		{714C2B26-B120-41A2-B408-FFC9C948590F}.Debug|Any CPU.Build.0 = Debug|Any CPU
		{714C2B26-B120-41A2-B408-FFC9C948590F}.Release|Any CPU.ActiveCfg = Release|Any CPU
		{714C2B26-B120-41A2-B408-FFC9C948590F}.Release|Any CPU.Build.0 = Release|Any CPU
	EndGlobalSection
	GlobalSection(SolutionProperties) = preSolution
		HideSolutionNode = FALSE
	EndGlobalSection
EndGlobal
